<?xml version="1.0" encoding="utf-8"?>
<Project ToolsVersion="4.0" xmlns="http://schemas.microsoft.com/developer/msbuild/2003">
  <ItemGroup>
    <ClCompile Include="src\Sample.cpp" />
    <ClCompile Include="src\Rotate.cpp" />
    <ClCompile Include="src\Torch.cpp" />
  </ItemGroup>
  <ItemGroup>
    <ClInclude Include="src\Sample.h" />
    <ClInclude Include="src\Rotate.h" />
    <ClInclude Include="src\Torch.h" />
  </ItemGroup>
  <ItemGroup>
    <None Include="assets\scenes\sample.json" />
    <None Include="assets\game.json" />
    <None Include="assets\materials\crate.material" />
    <None Include="assets\materials\cratePurple.material" />
    <None Include="assets\materials\sphere.material" />
    <None Include="assets\materials\spherePurple.material" />
    <None Include="assets\materials\ogre.material" />
    <None Include="assets\materials\floor.material" />
    <None Include="assets\materials\floor2.material" />
    <None Include="assets\materials\wall1.material" />
  </ItemGroup>
</Project>