<?xml version="1.0" encoding="utf-8"?>
<Project ToolsVersion="4.0" xmlns="http://schemas.microsoft.com/developer/msbuild/2003">
  <ItemGroup>
    <ClCompile Include="src\main_win.cpp" />
    <ClCompile Include="src\Main.cpp" />
    <ClCompile Include="src\Game.cpp" />
    <ClCompile Include="include\glm\detail\glm.cpp" />
    <ClCompile Include="src\json\json_writer.cpp">
      <Filter>json</Filter>
    </ClCompile>
    <ClCompile Include="src\json\json_reader.cpp">
      <Filter>json</Filter>
    </ClCompile>
    <ClCompile Include="src\json\json_value.cpp">
      <Filter>json</Filter>
    </ClCompile>
    <ClCompile Include="src\Dispatcher.cpp" />
    <ClCompile Include="src\LodePNG.cpp" />
    <ClCompile Include="src\Object.cpp" />
    <ClCompile Include="src\ObjectLibrary.cpp" />
    <ClCompile Include="src\StringUtils.cpp" />
    <ClCompile Include="src\Timing.cpp" />
    <ClCompile Include="src\Window.cpp" />
    <ClCompile Include="src\Window_win.cpp" />
    <ClCompile Include="src\PropertyManager.cpp" />
    <ClCompile Include="src\SceneManager.cpp" />
    <ClCompile Include="src\ContentManager.cpp" />
    <ClCompile Include="src\Material.cpp" />
    <ClCompile Include="src\Mesh.cpp" />
    <ClCompile Include="src\Mesh_d3d11.cpp" />
    <ClCompile Include="src\Resource.cpp" />
    <ClCompile Include="src\Texture.cpp" />
    <ClCompile Include="src\Texture_d3d11.cpp" />
    <ClCompile Include="src\Camera.cpp" />
    <ClCompile Include="src\InputLayoutFactory_d3d11.cpp" />
    <ClCompile Include="src\MeshRenderer.cpp" />
    <ClCompile Include="src\Renderer.cpp" />
    <ClCompile Include="src\Renderer_d3d11.cpp" />
    <ClCompile Include="src\Entity.cpp" />
    <ClCompile Include="src\EntityFactory.cpp" />
    <ClCompile Include="src\Component.cpp" />
    <ClCompile Include="src\ComponentManager.cpp" />
    <ClCompile Include="src\Random.cpp" />
  </ItemGroup>
  <ItemGroup>
    <ClInclude Include="src\Main.h" />
    <ClInclude Include="include\Game.h" />
    <ClInclude Include="include\Dispatcher.h" />
    <ClInclude Include="include\Synchronous.h" />
    <ClInclude Include="src\LodePNG.h" />
    <ClInclude Include="include\Object.h" />
    <ClInclude Include="include\ObjectLibrary.h" />
    <ClInclude Include="include\ObjectVector.h" />
    <ClInclude Include="include\StringUtils.h" />
    <ClInclude Include="include\TimeInfo.h" />
    <ClInclude Include="src\Timing.h" />
    <ClInclude Include="src\Window.h" />
    <ClInclude Include="src\Window_win.h" />
    <ClInclude Include="include\PropertyManager.h" />
    <ClInclude Include="include\SceneManager.h" />
    <ClInclude Include="src\Texture_d3d11.h" />
    <ClInclude Include="include\ContentManager.h" />
    <ClInclude Include="include\Material.h" />
    <ClInclude Include="include\Mesh.h" />
    <ClInclude Include="src\Mesh_d3d11.h" />
    <ClInclude Include="include\Resource.h" />
    <ClInclude Include="include\Texture.h" />
    <ClInclude Include="include\Camera.h" />
    <ClInclude Include="src\InputLayoutFactory_d3d11.h" />
    <ClInclude Include="include\MeshRenderer.h" />
    <ClInclude Include="src\Renderer.h" />
    <ClInclude Include="src\Renderer_d3d11.h" />
    <ClInclude Include="include\DirectionalLight.h" />
    <ClInclude Include="include\PointLight.h" />
    <ClInclude Include="include\Entity.h" />
    <ClInclude Include="include\EntityFactory.h" />
    <ClInclude Include="include\Component.h" />
    <ClInclude Include="include\ComponentManager.h" />
    <ClInclude Include="include\AmbientLight.h" />
    <ClInclude Include="include\Random.h" />
  </ItemGroup>
  <ItemGroup>
    <Filter Include="json">
      <UniqueIdentifier>{cc13ee8d-9d49-4fee-92c0-54a50b90da29}</UniqueIdentifier>
    </Filter>
    <Filter Include="shaders">
      <UniqueIdentifier>{0b788786-bf2f-4972-ac96-7175a17d7ddb}</UniqueIdentifier>
    </Filter>
    <Filter Include="shaders\VS">
      <UniqueIdentifier>{b400e7f6-96c7-4c29-9638-3baab099ea8c}</UniqueIdentifier>
    </Filter>
    <Filter Include="shaders\PS">
      <UniqueIdentifier>{1d38ec7e-a736-4629-a776-808ebad62085}</UniqueIdentifier>
    </Filter>
    <Filter Include="shaders\PS\headers">
      <UniqueIdentifier>{e10cb103-8754-4d87-90a0-264fccfd5234}</UniqueIdentifier>
    </Filter>
    <Filter Include="shaders\VS\headers">
      <UniqueIdentifier>{025578a6-f2a7-40f4-9eb0-297a03a90ccc}</UniqueIdentifier>
    </Filter>
  </ItemGroup>
  <ItemGroup>
    <FxCompile Include="src\pForward.hlsl">
      <Filter>shaders\PS</Filter>
    </FxCompile>
    <FxCompile Include="src\pForwardColor.hlsl">
      <Filter>shaders\PS</Filter>
    </FxCompile>
    <FxCompile Include="src\vForward.hlsl">
      <Filter>shaders\VS</Filter>
    </FxCompile>
    <FxCompile Include="src\vForwardColor.hlsl">
      <Filter>shaders\VS</Filter>
    </FxCompile>
    <FxCompile Include="src\vForwardBump.hlsl">
      <Filter>shaders\VS</Filter>
    </FxCompile>
    <FxCompile Include="src\vForwardBumpColor.hlsl">
      <Filter>shaders\VS</Filter>
    </FxCompile>
    <FxCompile Include="src\pForwardBump.hlsl">
      <Filter>shaders\PS</Filter>
    </FxCompile>
    <FxCompile Include="src\pForwardBumpColor.hlsl">
      <Filter>shaders\PS</Filter>
    </FxCompile>
  </ItemGroup>
  <ItemGroup>
    <None Include="src\pForwardConstantBuffers.hlsli">
      <Filter>shaders\PS\headers</Filter>
    </None>
    <None Include="src\pForwardLighting.hlsli">
      <Filter>shaders\PS\headers</Filter>
    </None>
    <None Include="src\vForwardConstantBuffers.hlsli">
      <Filter>shaders\VS\headers</Filter>
    </None>
  </ItemGroup>
</Project>