<?xml version="1.0" encoding="utf-8"?>
<Project ToolsVersion="4.0" xmlns="http://schemas.microsoft.com/developer/msbuild/2003">
  <ItemGroup>
    <ClCompile Include="src\main_win.cpp" />
    <ClCompile Include="src\Main.cpp" />
    <ClCompile Include="src\Renderer_d3d11.cpp">
      <Filter>Renderer</Filter>
    </ClCompile>
    <ClCompile Include="src\IRenderer.cpp">
      <Filter>Renderer</Filter>
    </ClCompile>
    <ClCompile Include="src\Window_win.cpp">
      <Filter>Window</Filter>
    </ClCompile>
    <ClCompile Include="src\IWindow.cpp">
      <Filter>Window</Filter>
    </ClCompile>
    <ClCompile Include="src\Component.cpp">
      <Filter>Component</Filter>
    </ClCompile>
    <ClCompile Include="src\ComponentManager.cpp">
      <Filter>Component</Filter>
    </ClCompile>
    <ClCompile Include="src\Entity.cpp">
      <Filter>Entity</Filter>
    </ClCompile>
    <ClCompile Include="src\Game.cpp" />
    <ClCompile Include="src\PropertyManager.cpp">
      <Filter>Serialization</Filter>
    </ClCompile>
    <ClCompile Include="src\Dispatcher.cpp">
      <Filter>Async</Filter>
    </ClCompile>
    <ClCompile Include="src\SceneManager.cpp">
      <Filter>Scene</Filter>
    </ClCompile>
    <ClCompile Include="src\Timing.cpp">
      <Filter>Utilities</Filter>
    </ClCompile>
    <ClCompile Include="src\StringUtils.cpp">
      <Filter>Utilities</Filter>
    </ClCompile>
    <ClCompile Include="src\Object.cpp">
      <Filter>Utilities</Filter>
    </ClCompile>
    <ClCompile Include="include\glm\detail\glm.cpp" />
    <ClCompile Include="src\json\json_writer.cpp">
      <Filter>json</Filter>
    </ClCompile>
    <ClCompile Include="src\json\json_reader.cpp">
      <Filter>json</Filter>
    </ClCompile>
    <ClCompile Include="src\json\json_value.cpp">
      <Filter>json</Filter>
    </ClCompile>
    <ClCompile Include="src\MeshRenderer.cpp">
      <Filter>Renderer</Filter>
    </ClCompile>
    <ClCompile Include="src\Camera.cpp">
      <Filter>Renderer</Filter>
    </ClCompile>
    <ClCompile Include="src\Material.cpp">
      <Filter>Resources</Filter>
    </ClCompile>
    <ClCompile Include="src\Mesh.cpp">
      <Filter>Resources</Filter>
    </ClCompile>
    <ClCompile Include="src\Resource.cpp">
      <Filter>Resources</Filter>
    </ClCompile>
    <ClCompile Include="src\ContentManager.cpp">
      <Filter>Resources</Filter>
    </ClCompile>
    <ClCompile Include="src\ObjectLibrary.cpp">
      <Filter>Utilities</Filter>
    </ClCompile>
    <ClCompile Include="src\EntityFactory.cpp">
      <Filter>Entity</Filter>
    </ClCompile>
  </ItemGroup>
  <ItemGroup>
    <ClInclude Include="src\Main.h" />
    <ClInclude Include="src\Renderer_d3d11.h">
      <Filter>Renderer</Filter>
    </ClInclude>
    <ClInclude Include="src\IRenderer.h">
      <Filter>Renderer</Filter>
    </ClInclude>
    <ClInclude Include="src\Window_win.h">
      <Filter>Window</Filter>
    </ClInclude>
    <ClInclude Include="src\IWindow.h">
      <Filter>Window</Filter>
    </ClInclude>
    <ClInclude Include="include\Component.h">
      <Filter>Component</Filter>
    </ClInclude>
    <ClInclude Include="include\ComponentManager.h">
      <Filter>Component</Filter>
    </ClInclude>
    <ClInclude Include="include\Entity.h">
      <Filter>Entity</Filter>
    </ClInclude>
    <ClInclude Include="include\Game.h" />
    <ClInclude Include="include\PropertyManager.h">
      <Filter>Serialization</Filter>
    </ClInclude>
    <ClInclude Include="include\Synchronous.h">
      <Filter>Async</Filter>
    </ClInclude>
    <ClInclude Include="include\Dispatcher.h">
      <Filter>Async</Filter>
    </ClInclude>
    <ClInclude Include="include\SceneManager.h">
      <Filter>Scene</Filter>
    </ClInclude>
    <ClInclude Include="src\Timing.h">
      <Filter>Utilities</Filter>
    </ClInclude>
    <ClInclude Include="include\StringUtils.h">
      <Filter>Utilities</Filter>
    </ClInclude>
    <ClInclude Include="include\Object.h">
      <Filter>Utilities</Filter>
    </ClInclude>
    <ClInclude Include="include\MeshRenderer.h">
      <Filter>Renderer</Filter>
    </ClInclude>
    <ClInclude Include="include\Camera.h">
      <Filter>Renderer</Filter>
    </ClInclude>
    <ClInclude Include="include\Material.h">
      <Filter>Resources</Filter>
    </ClInclude>
    <ClInclude Include="include\Mesh.h">
      <Filter>Resources</Filter>
    </ClInclude>
    <ClInclude Include="include\Resource.h">
      <Filter>Resources</Filter>
    </ClInclude>
    <ClInclude Include="include\ContentManager.h">
      <Filter>Resources</Filter>
    </ClInclude>
    <ClInclude Include="include\ObjectLibrary.h">
      <Filter>Utilities</Filter>
    </ClInclude>
    <ClInclude Include="include\EntityFactory.h">
      <Filter>Entity</Filter>
    </ClInclude>
  </ItemGroup>
  <ItemGroup>
    <Filter Include="Renderer">
      <UniqueIdentifier>{e30e625d-a84b-4d64-b25c-d4995d829449}</UniqueIdentifier>
    </Filter>
    <Filter Include="Window">
      <UniqueIdentifier>{0f32c768-38d9-4fd8-a8f0-2c8e4a439056}</UniqueIdentifier>
    </Filter>
    <Filter Include="Component">
      <UniqueIdentifier>{88b3a4f1-8195-438b-9005-b16fd956d6c1}</UniqueIdentifier>
    </Filter>
    <Filter Include="Entity">
      <UniqueIdentifier>{b36d3250-7e48-4a60-86dd-718ed1e59d8a}</UniqueIdentifier>
    </Filter>
    <Filter Include="Serialization">
      <UniqueIdentifier>{1c3dd894-1ab8-4554-9068-c563a66a9ece}</UniqueIdentifier>
    </Filter>
    <Filter Include="Async">
      <UniqueIdentifier>{0f084ed0-dd5a-44d6-a388-84bf740965da}</UniqueIdentifier>
    </Filter>
    <Filter Include="Scene">
      <UniqueIdentifier>{78a2a71a-ed61-4a2b-a9a5-a6c0f1b90960}</UniqueIdentifier>
    </Filter>
    <Filter Include="Utilities">
      <UniqueIdentifier>{91eaea48-ee57-4b53-b45e-0ccf90fa1382}</UniqueIdentifier>
    </Filter>
    <Filter Include="json">
      <UniqueIdentifier>{cc13ee8d-9d49-4fee-92c0-54a50b90da29}</UniqueIdentifier>
    </Filter>
    <Filter Include="Resources">
      <UniqueIdentifier>{753348ed-60aa-4915-8ec2-afc8460b9c65}</UniqueIdentifier>
    </Filter>
  </ItemGroup>
</Project>